
Microsoft Visual Studio Solution File, Format Version 12.00
# Visual Studio Version 16
VisualStudioVersion = 16.0.30907.101
MinimumVisualStudioVersion = 10.0.40219.1
Project("{FAE04EC0-301F-11D3-BF4B-00C04F79EFBC}") = "GoodTicket", "GoodTicket\GoodTicket.csproj", "{5E288FED-94C2-4F33-B6CB-C5A2A171AF26}"
EndProject
Global
	GlobalSection(SolutionConfigurationPlatforms) = preSolution
		Debug|Any CPU = Debug|Any CPU
		Release|Any CPU = Release|Any CPU
	EndGlobalSection
	GlobalSection(ProjectConfigurationPlatforms) = postSolution
		{5E288FED-94C2-4F33-B6CB-C5A2A171AF26}.Debug|Any CPU.ActiveCfg = Debug|Any CPU
		{5E288FED-94C2-4F33-B6CB-C5A2A171AF26}.Debug|Any CPU.Build.0 = Debug|Any CPU
		{5E288FED-94C2-4F33-B6CB-C5A2A171AF26}.Release|Any CPU.ActiveCfg = Release|Any CPU
		{5E288FED-94C2-4F33-B6CB-C5A2A171AF26}.Release|Any CPU.Build.0 = Release|Any CPU
	EndGlobalSection
	GlobalSection(SolutionProperties) = preSolution
		HideSolutionNode = FALSE
	EndGlobalSection
	GlobalSection(ExtensibilityGlobals) = postSolution
		SolutionGuid = {23394638-9D4D-489E-88A1-AAEC9A9407DA}
	EndGlobalSection
EndGlobal
